
Microsoft Visual Studio Solution File, Format Version 12.00
# Visual Studio Version 17
VisualStudioVersion = 17.14.36212.18 d17.14
MinimumVisualStudioVersion = 10.0.40219.1
Project("{FAE04EC0-301F-11D3-BF4B-00C04F79EFBC}") = "SimpleCalculator", "SimpleCalculator\SimpleCalculator.csproj", "{658F37FE-5F48-48CB-B79A-6EEDE6C0EEBA}"
EndProject
Global
	GlobalSection(SolutionConfigurationPlatforms) = preSolution
		Debug|Any CPU = Debug|Any CPU
		Release|Any CPU = Release|Any CPU
	EndGlobalSection
	GlobalSection(ProjectConfigurationPlatforms) = postSolution
		{658F37FE-5F48-48CB-B79A-6EEDE6C0EEBA}.Debug|Any CPU.ActiveCfg = Debug|Any CPU
		{658F37FE-5F48-48CB-B79A-6EEDE6C0EEBA}.Debug|Any CPU.Build.0 = Debug|Any CPU
		{658F37FE-5F48-48CB-B79A-6EEDE6C0EEBA}.Release|Any CPU.ActiveCfg = Release|Any CPU
		{658F37FE-5F48-48CB-B79A-6EEDE6C0EEBA}.Release|Any CPU.Build.0 = Release|Any CPU
	EndGlobalSection
	GlobalSection(SolutionProperties) = preSolution
		HideSolutionNode = FALSE
	EndGlobalSection
	GlobalSection(ExtensibilityGlobals) = postSolution
		SolutionGuid = {ED2A2C2C-B06F-4301-A540-9AEC48F7087F}
	EndGlobalSection
EndGlobal
